
Microsoft Visual Studio Solution File, Format Version 12.00
# Visual Studio Version 16
VisualStudioVersion = 16.0.30717.126
MinimumVisualStudioVersion = 10.0.40219.1
Project("{FAE04EC0-301F-11D3-BF4B-00C04F79EFBC}") = "ListenincConverters", "ListenincConverters.csproj", "{87591945-3D1A-4839-9C05-332AF11DC29A}"
EndProject
Global
	GlobalSection(SolutionConfigurationPlatforms) = preSolution
		Debug|Any CPU = Debug|Any CPU
		Release|Any CPU = Release|Any CPU
	EndGlobalSection
	GlobalSection(ProjectConfigurationPlatforms) = postSolution
		{87591945-3D1A-4839-9C05-332AF11DC29A}.Debug|Any CPU.ActiveCfg = Debug|Any CPU
		{87591945-3D1A-4839-9C05-332AF11DC29A}.Debug|Any CPU.Build.0 = Debug|Any CPU
		{87591945-3D1A-4839-9C05-332AF11DC29A}.Release|Any CPU.ActiveCfg = Release|Any CPU
		{87591945-3D1A-4839-9C05-332AF11DC29A}.Release|Any CPU.Build.0 = Release|Any CPU
	EndGlobalSection
	GlobalSection(SolutionProperties) = preSolution
		HideSolutionNode = FALSE
	EndGlobalSection
	GlobalSection(ExtensibilityGlobals) = postSolution
		SolutionGuid = {DCD0B156-E982-459D-88B0-223C7B6A3407}
	EndGlobalSection
EndGlobal
